// !$*UTF8*$!
{
	archiveVersion = 1;
	classes = {
	};
	objectVersion = 56;
	objects = {

/* Begin PBXBuildFile section */
		8C7A31282B0C08170008301A /* RatingStarsView.swift in Sources */ = {isa = PBXBuildFile; fileRef = 8C7A31272B0C08170008301A /* RatingStarsView.swift */; };
		8C7A312A2B0C08490008301A /* RatingStarsViewModel.swift in Sources */ = {isa = PBXBuildFile; fileRef = 8C7A31292B0C08490008301A /* RatingStarsViewModel.swift */; };
		8CD1AF052B08D48600C60543 /* OnlineShopApp.swift in Sources */ = {isa = PBXBuildFile; fileRef = 8CD1AF042B08D48600C60543 /* OnlineShopApp.swift */; };
		8CD1AF092B08D48700C60543 /* Assets.xcassets in Resources */ = {isa = PBXBuildFile; fileRef = 8CD1AF082B08D48700C60543 /* Assets.xcassets */; };
		8CD1AF0C2B08D48700C60543 /* Preview Assets.xcassets in Resources */ = {isa = PBXBuildFile; fileRef = 8CD1AF0B2B08D48700C60543 /* Preview Assets.xcassets */; };
		8CD1AF162B08D48700C60543 /* OnlineShopTests.swift in Sources */ = {isa = PBXBuildFile; fileRef = 8CD1AF152B08D48700C60543 /* OnlineShopTests.swift */; };
		8CD1AF202B08D48700C60543 /* OnlineShopUITests.swift in Sources */ = {isa = PBXBuildFile; fileRef = 8CD1AF1F2B08D48700C60543 /* OnlineShopUITests.swift */; };
		8CD1AF222B08D48700C60543 /* OnlineShopUITestsLaunchTests.swift in Sources */ = {isa = PBXBuildFile; fileRef = 8CD1AF212B08D48700C60543 /* OnlineShopUITestsLaunchTests.swift */; };
		8CD1AF312B08D67500C60543 /* ProductsListView.swift in Sources */ = {isa = PBXBuildFile; fileRef = 8CD1AF302B08D67500C60543 /* ProductsListView.swift */; };
		8CD1AF332B08D77C00C60543 /* ProductsListViewModel.swift in Sources */ = {isa = PBXBuildFile; fileRef = 8CD1AF322B08D77C00C60543 /* ProductsListViewModel.swift */; };
		8CD1AF352B08F14700C60543 /* ProductItemView.swift in Sources */ = {isa = PBXBuildFile; fileRef = 8CD1AF342B08F14700C60543 /* ProductItemView.swift */; };
		8CD1AF392B08F27A00C60543 /* ProductItem.swift in Sources */ = {isa = PBXBuildFile; fileRef = 8CD1AF382B08F27A00C60543 /* ProductItem.swift */; };
/* End PBXBuildFile section */

/* Begin PBXContainerItemProxy section */
		8CD1AF122B08D48700C60543 /* PBXContainerItemProxy */ = {
			isa = PBXContainerItemProxy;
			containerPortal = 8CD1AEF92B08D48600C60543 /* Project object */;
			proxyType = 1;
			remoteGlobalIDString = 8CD1AF002B08D48600C60543;
			remoteInfo = OnlineShop;
		};
		8CD1AF1C2B08D48700C60543 /* PBXContainerItemProxy */ = {
			isa = PBXContainerItemProxy;
			containerPortal = 8CD1AEF92B08D48600C60543 /* Project object */;
			proxyType = 1;
			remoteGlobalIDString = 8CD1AF002B08D48600C60543;
			remoteInfo = OnlineShop;
		};
/* End PBXContainerItemProxy section */

/* Begin PBXFileReference section */
		8C7A31272B0C08170008301A /* RatingStarsView.swift */ = {isa = PBXFileReference; lastKnownFileType = sourcecode.swift; path = RatingStarsView.swift; sourceTree = "<group>"; };
		8C7A31292B0C08490008301A /* RatingStarsViewModel.swift */ = {isa = PBXFileReference; lastKnownFileType = sourcecode.swift; path = RatingStarsViewModel.swift; sourceTree = "<group>"; };
		8CD1AF012B08D48600C60543 /* OnlineShop.app */ = {isa = PBXFileReference; explicitFileType = wrapper.application; includeInIndex = 0; path = OnlineShop.app; sourceTree = BUILT_PRODUCTS_DIR; };
		8CD1AF042B08D48600C60543 /* OnlineShopApp.swift */ = {isa = PBXFileReference; lastKnownFileType = sourcecode.swift; path = OnlineShopApp.swift; sourceTree = "<group>"; };
		8CD1AF082B08D48700C60543 /* Assets.xcassets */ = {isa = PBXFileReference; lastKnownFileType = folder.assetcatalog; path = Assets.xcassets; sourceTree = "<group>"; };
		8CD1AF0B2B08D48700C60543 /* Preview Assets.xcassets */ = {isa = PBXFileReference; lastKnownFileType = folder.assetcatalog; path = "Preview Assets.xcassets"; sourceTree = "<group>"; };
		8CD1AF112B08D48700C60543 /* OnlineShopTests.xctest */ = {isa = PBXFileReference; explicitFileType = wrapper.cfbundle; includeInIndex = 0; path = OnlineShopTests.xctest; sourceTree = BUILT_PRODUCTS_DIR; };
		8CD1AF152B08D48700C60543 /* OnlineShopTests.swift */ = {isa = PBXFileReference; lastKnownFileType = sourcecode.swift; path = OnlineShopTests.swift; sourceTree = "<group>"; };
		8CD1AF1B2B08D48700C60543 /* OnlineShopUITests.xctest */ = {isa = PBXFileReference; explicitFileType = wrapper.cfbundle; includeInIndex = 0; path = OnlineShopUITests.xctest; sourceTree = BUILT_PRODUCTS_DIR; };
		8CD1AF1F2B08D48700C60543 /* OnlineShopUITests.swift */ = {isa = PBXFileReference; lastKnownFileType = sourcecode.swift; path = OnlineShopUITests.swift; sourceTree = "<group>"; };
		8CD1AF212B08D48700C60543 /* OnlineShopUITestsLaunchTests.swift */ = {isa = PBXFileReference; lastKnownFileType = sourcecode.swift; path = OnlineShopUITestsLaunchTests.swift; sourceTree = "<group>"; };
		8CD1AF302B08D67500C60543 /* ProductsListView.swift */ = {isa = PBXFileReference; lastKnownFileType = sourcecode.swift; path = ProductsListView.swift; sourceTree = "<group>"; };
		8CD1AF322B08D77C00C60543 /* ProductsListViewModel.swift */ = {isa = PBXFileReference; lastKnownFileType = sourcecode.swift; path = ProductsListViewModel.swift; sourceTree = "<group>"; };
		8CD1AF342B08F14700C60543 /* ProductItemView.swift */ = {isa = PBXFileReference; lastKnownFileType = sourcecode.swift; path = ProductItemView.swift; sourceTree = "<group>"; };
		8CD1AF382B08F27A00C60543 /* ProductItem.swift */ = {isa = PBXFileReference; lastKnownFileType = sourcecode.swift; path = ProductItem.swift; sourceTree = "<group>"; };
/* End PBXFileReference section */

/* Begin PBXFrameworksBuildPhase section */
		8CD1AEFE2B08D48600C60543 /* Frameworks */ = {
			isa = PBXFrameworksBuildPhase;
			buildActionMask = 2147483647;
			files = (
			);
			runOnlyForDeploymentPostprocessing = 0;
		};
		8CD1AF0E2B08D48700C60543 /* Frameworks */ = {
			isa = PBXFrameworksBuildPhase;
			buildActionMask = 2147483647;
			files = (
			);
			runOnlyForDeploymentPostprocessing = 0;
		};
		8CD1AF182B08D48700C60543 /* Frameworks */ = {
			isa = PBXFrameworksBuildPhase;
			buildActionMask = 2147483647;
			files = (
			);
			runOnlyForDeploymentPostprocessing = 0;
		};
/* End PBXFrameworksBuildPhase section */

/* Begin PBXGroup section */
		8C7A31252B0C07970008301A /* CommonViews */ = {
			isa = PBXGroup;
			children = (
				8C7A31262B0C07D60008301A /* RatingStars */,
			);
			path = CommonViews;
			sourceTree = "<group>";
		};
		8C7A31262B0C07D60008301A /* RatingStars */ = {
			isa = PBXGroup;
			children = (
				8C7A31272B0C08170008301A /* RatingStarsView.swift */,
				8C7A31292B0C08490008301A /* RatingStarsViewModel.swift */,
			);
			path = RatingStars;
			sourceTree = "<group>";
		};
		8CD1AEF82B08D48600C60543 = {
			isa = PBXGroup;
			children = (
				8CD1AF032B08D48600C60543 /* OnlineShop */,
				8CD1AF142B08D48700C60543 /* OnlineShopTests */,
				8CD1AF1E2B08D48700C60543 /* OnlineShopUITests */,
				8CD1AF022B08D48600C60543 /* Products */,
			);
			sourceTree = "<group>";
		};
		8CD1AF022B08D48600C60543 /* Products */ = {
			isa = PBXGroup;
			children = (
				8CD1AF012B08D48600C60543 /* OnlineShop.app */,
				8CD1AF112B08D48700C60543 /* OnlineShopTests.xctest */,
				8CD1AF1B2B08D48700C60543 /* OnlineShopUITests.xctest */,
			);
			name = Products;
			sourceTree = "<group>";
		};
		8CD1AF032B08D48600C60543 /* OnlineShop */ = {
			isa = PBXGroup;
			children = (
				8C7A31252B0C07970008301A /* CommonViews */,
				8CD1AF2F2B08D63700C60543 /* ProductDetails */,
				8CD1AF2E2B08D62A00C60543 /* ProductsList */,
				8CD1AF042B08D48600C60543 /* OnlineShopApp.swift */,
				8CD1AF082B08D48700C60543 /* Assets.xcassets */,
				8CD1AF0A2B08D48700C60543 /* Preview Content */,
			);
			path = OnlineShop;
			sourceTree = "<group>";
		};
		8CD1AF0A2B08D48700C60543 /* Preview Content */ = {
			isa = PBXGroup;
			children = (
				8CD1AF0B2B08D48700C60543 /* Preview Assets.xcassets */,
			);
			path = "Preview Content";
			sourceTree = "<group>";
		};
		8CD1AF142B08D48700C60543 /* OnlineShopTests */ = {
			isa = PBXGroup;
			children = (
				8CD1AF152B08D48700C60543 /* OnlineShopTests.swift */,
			);
			path = OnlineShopTests;
			sourceTree = "<group>";
		};
		8CD1AF1E2B08D48700C60543 /* OnlineShopUITests */ = {
			isa = PBXGroup;
			children = (
				8CD1AF1F2B08D48700C60543 /* OnlineShopUITests.swift */,
				8CD1AF212B08D48700C60543 /* OnlineShopUITestsLaunchTests.swift */,
			);
			path = OnlineShopUITests;
			sourceTree = "<group>";
		};
		8CD1AF2E2B08D62A00C60543 /* ProductsList */ = {
			isa = PBXGroup;
			children = (
				8CD1AF302B08D67500C60543 /* ProductsListView.swift */,
				8CD1AF322B08D77C00C60543 /* ProductsListViewModel.swift */,
				8CD1AF382B08F27A00C60543 /* ProductItem.swift */,
				8CD1AF342B08F14700C60543 /* ProductItemView.swift */,
			);
			path = ProductsList;
			sourceTree = "<group>";
		};
		8CD1AF2F2B08D63700C60543 /* ProductDetails */ = {
			isa = PBXGroup;
			children = (
			);
			path = ProductDetails;
			sourceTree = "<group>";
		};
/* End PBXGroup section */

/* Begin PBXNativeTarget section */
		8CD1AF002B08D48600C60543 /* OnlineShop */ = {
			isa = PBXNativeTarget;
			buildConfigurationList = 8CD1AF252B08D48700C60543 /* Build configuration list for PBXNativeTarget "OnlineShop" */;
			buildPhases = (
				8CD1AEFD2B08D48600C60543 /* Sources */,
				8CD1AEFE2B08D48600C60543 /* Frameworks */,
				8CD1AEFF2B08D48600C60543 /* Resources */,
			);
			buildRules = (
			);
			dependencies = (
			);
			name = OnlineShop;
			productName = OnlineShop;
			productReference = 8CD1AF012B08D48600C60543 /* OnlineShop.app */;
			productType = "com.apple.product-type.application";
		};
		8CD1AF102B08D48700C60543 /* OnlineShopTests */ = {
			isa = PBXNativeTarget;
			buildConfigurationList = 8CD1AF282B08D48700C60543 /* Build configuration list for PBXNativeTarget "OnlineShopTests" */;
			buildPhases = (
				8CD1AF0D2B08D48700C60543 /* Sources */,
				8CD1AF0E2B08D48700C60543 /* Frameworks */,
				8CD1AF0F2B08D48700C60543 /* Resources */,
			);
			buildRules = (
			);
			dependencies = (
				8CD1AF132B08D48700C60543 /* PBXTargetDependency */,
			);
			name = OnlineShopTests;
			productName = OnlineShopTests;
			productReference = 8CD1AF112B08D48700C60543 /* OnlineShopTests.xctest */;
			productType = "com.apple.product-type.bundle.unit-test";
		};
		8CD1AF1A2B08D48700C60543 /* OnlineShopUITests */ = {
			isa = PBXNativeTarget;
			buildConfigurationList = 8CD1AF2B2B08D48700C60543 /* Build configuration list for PBXNativeTarget "OnlineShopUITests" */;
			buildPhases = (
				8CD1AF172B08D48700C60543 /* Sources */,
				8CD1AF182B08D48700C60543 /* Frameworks */,
				8CD1AF192B08D48700C60543 /* Resources */,
			);
			buildRules = (
			);
			dependencies = (
				8CD1AF1D2B08D48700C60543 /* PBXTargetDependency */,
			);
			name = OnlineShopUITests;
			productName = OnlineShopUITests;
			productReference = 8CD1AF1B2B08D48700C60543 /* OnlineShopUITests.xctest */;
			productType = "com.apple.product-type.bundle.ui-testing";
		};
/* End PBXNativeTarget section */

/* Begin PBXProject section */
		8CD1AEF92B08D48600C60543 /* Project object */ = {
			isa = PBXProject;
			attributes = {
				BuildIndependentTargetsInParallel = 1;
				LastSwiftUpdateCheck = 1500;
				LastUpgradeCheck = 1500;
				TargetAttributes = {
					8CD1AF002B08D48600C60543 = {
						CreatedOnToolsVersion = 15.0;
					};
					8CD1AF102B08D48700C60543 = {
						CreatedOnToolsVersion = 15.0;
						TestTargetID = 8CD1AF002B08D48600C60543;
					};
					8CD1AF1A2B08D48700C60543 = {
						CreatedOnToolsVersion = 15.0;
						TestTargetID = 8CD1AF002B08D48600C60543;
					};
				};
			};
			buildConfigurationList = 8CD1AEFC2B08D48600C60543 /* Build configuration list for PBXProject "OnlineShop" */;
			compatibilityVersion = "Xcode 14.0";
			developmentRegion = en;
			hasScannedForEncodings = 0;
			knownRegions = (
				en,
				Base,
			);
			mainGroup = 8CD1AEF82B08D48600C60543;
			productRefGroup = 8CD1AF022B08D48600C60543 /* Products */;
			projectDirPath = "";
			projectRoot = "";
			targets = (
				8CD1AF002B08D48600C60543 /* OnlineShop */,
				8CD1AF102B08D48700C60543 /* OnlineShopTests */,
				8CD1AF1A2B08D48700C60543 /* OnlineShopUITests */,
			);
		};
/* End PBXProject section */

/* Begin PBXResourcesBuildPhase section */
		8CD1AEFF2B08D48600C60543 /* Resources */ = {
			isa = PBXResourcesBuildPhase;
			buildActionMask = 2147483647;
			files = (
				8CD1AF0C2B08D48700C60543 /* Preview Assets.xcassets in Resources */,
				8CD1AF092B08D48700C60543 /* Assets.xcassets in Resources */,
			);
			runOnlyForDeploymentPostprocessing = 0;
		};
		8CD1AF0F2B08D48700C60543 /* Resources */ = {
			isa = PBXResourcesBuildPhase;
			buildActionMask = 2147483647;
			files = (
			);
			runOnlyForDeploymentPostprocessing = 0;
		};
		8CD1AF192B08D48700C60543 /* Resources */ = {
			isa = PBXResourcesBuildPhase;
			buildActionMask = 2147483647;
			files = (
			);
			runOnlyForDeploymentPostprocessing = 0;
		};
/* End PBXResourcesBuildPhase section */

/* Begin PBXSourcesBuildPhase section */
		8CD1AEFD2B08D48600C60543 /* Sources */ = {
			isa = PBXSourcesBuildPhase;
			buildActionMask = 2147483647;
			files = (
				8CD1AF392B08F27A00C60543 /* ProductItem.swift in Sources */,
				8CD1AF312B08D67500C60543 /* ProductsListView.swift in Sources */,
				8CD1AF052B08D48600C60543 /* OnlineShopApp.swift in Sources */,
				8CD1AF332B08D77C00C60543 /* ProductsListViewModel.swift in Sources */,
				8CD1AF352B08F14700C60543 /* ProductItemView.swift in Sources */,
				8C7A31282B0C08170008301A /* RatingStarsView.swift in Sources */,
				8C7A312A2B0C08490008301A /* RatingStarsViewModel.swift in Sources */,
			);
			runOnlyForDeploymentPostprocessing = 0;
		};
		8CD1AF0D2B08D48700C60543 /* Sources */ = {
			isa = PBXSourcesBuildPhase;
			buildActionMask = 2147483647;
			files = (
				8CD1AF162B08D48700C60543 /* OnlineShopTests.swift in Sources */,
			);
			runOnlyForDeploymentPostprocessing = 0;
		};
		8CD1AF172B08D48700C60543 /* Sources */ = {
			isa = PBXSourcesBuildPhase;
			buildActionMask = 2147483647;
			files = (
				8CD1AF202B08D48700C60543 /* OnlineShopUITests.swift in Sources */,
				8CD1AF222B08D48700C60543 /* OnlineShopUITestsLaunchTests.swift in Sources */,
			);
			runOnlyForDeploymentPostprocessing = 0;
		};
/* End PBXSourcesBuildPhase section */

/* Begin PBXTargetDependency section */
		8CD1AF132B08D48700C60543 /* PBXTargetDependency */ = {
			isa = PBXTargetDependency;
			target = 8CD1AF002B08D48600C60543 /* OnlineShop */;
			targetProxy = 8CD1AF122B08D48700C60543 /* PBXContainerItemProxy */;
		};
		8CD1AF1D2B08D48700C60543 /* PBXTargetDependency */ = {
			isa = PBXTargetDependency;
			target = 8CD1AF002B08D48600C60543 /* OnlineShop */;
			targetProxy = 8CD1AF1C2B08D48700C60543 /* PBXContainerItemProxy */;
		};
/* End PBXTargetDependency section */

/* Begin XCBuildConfiguration section */
		8CD1AF232B08D48700C60543 /* Debug */ = {
			isa = XCBuildConfiguration;
			buildSettings = {
				ALWAYS_SEARCH_USER_PATHS = NO;
				ASSETCATALOG_COMPILER_GENERATE_SWIFT_ASSET_SYMBOL_EXTENSIONS = YES;
				CLANG_ANALYZER_NONNULL = YES;
				CLANG_ANALYZER_NUMBER_OBJECT_CONVERSION = YES_AGGRESSIVE;
				CLANG_CXX_LANGUAGE_STANDARD = "gnu++20";
				CLANG_ENABLE_MODULES = YES;
				CLANG_ENABLE_OBJC_ARC = YES;
				CLANG_ENABLE_OBJC_WEAK = YES;
				CLANG_WARN_BLOCK_CAPTURE_AUTORELEASING = YES;
				CLANG_WARN_BOOL_CONVERSION = YES;
				CLANG_WARN_COMMA = YES;
				CLANG_WARN_CONSTANT_CONVERSION = YES;
				CLANG_WARN_DEPRECATED_OBJC_IMPLEMENTATIONS = YES;
				CLANG_WARN_DIRECT_OBJC_ISA_USAGE = YES_ERROR;
				CLANG_WARN_DOCUMENTATION_COMMENTS = YES;
				CLANG_WARN_EMPTY_BODY = YES;
				CLANG_WARN_ENUM_CONVERSION = YES;
				CLANG_WARN_INFINITE_RECURSION = YES;
				CLANG_WARN_INT_CONVERSION = YES;
				CLANG_WARN_NON_LITERAL_NULL_CONVERSION = YES;
				CLANG_WARN_OBJC_IMPLICIT_RETAIN_SELF = YES;
				CLANG_WARN_OBJC_LITERAL_CONVERSION = YES;
				CLANG_WARN_OBJC_ROOT_CLASS = YES_ERROR;
				CLANG_WARN_QUOTED_INCLUDE_IN_FRAMEWORK_HEADER = YES;
				CLANG_WARN_RANGE_LOOP_ANALYSIS = YES;
				CLANG_WARN_STRICT_PROTOTYPES = YES;
				CLANG_WARN_SUSPICIOUS_MOVE = YES;
				CLANG_WARN_UNGUARDED_AVAILABILITY = YES_AGGRESSIVE;
				CLANG_WARN_UNREACHABLE_CODE = YES;
				CLANG_WARN__DUPLICATE_METHOD_MATCH = YES;
				COPY_PHASE_STRIP = NO;
				DEBUG_INFORMATION_FORMAT = dwarf;
				ENABLE_STRICT_OBJC_MSGSEND = YES;
				ENABLE_TESTABILITY = YES;
				ENABLE_USER_SCRIPT_SANDBOXING = YES;
				GCC_C_LANGUAGE_STANDARD = gnu17;
				GCC_DYNAMIC_NO_PIC = NO;
				GCC_NO_COMMON_BLOCKS = YES;
				GCC_OPTIMIZATION_LEVEL = 0;
				GCC_PREPROCESSOR_DEFINITIONS = (
					"DEBUG=1",
					"$(inherited)",
				);
				GCC_WARN_64_TO_32_BIT_CONVERSION = YES;
				GCC_WARN_ABOUT_RETURN_TYPE = YES_ERROR;
				GCC_WARN_UNDECLARED_SELECTOR = YES;
				GCC_WARN_UNINITIALIZED_AUTOS = YES_AGGRESSIVE;
				GCC_WARN_UNUSED_FUNCTION = YES;
				GCC_WARN_UNUSED_VARIABLE = YES;
				IPHONEOS_DEPLOYMENT_TARGET = 17.0;
				LOCALIZATION_PREFERS_STRING_CATALOGS = YES;
				MTL_ENABLE_DEBUG_INFO = INCLUDE_SOURCE;
				MTL_FAST_MATH = YES;
				ONLY_ACTIVE_ARCH = YES;
				SDKROOT = iphoneos;
				SWIFT_ACTIVE_COMPILATION_CONDITIONS = "DEBUG $(inherited)";
				SWIFT_OPTIMIZATION_LEVEL = "-Onone";
			};
			name = Debug;
		};
		8CD1AF242B08D48700C60543 /* Release */ = {
			isa = XCBuildConfiguration;
			buildSettings = {
				ALWAYS_SEARCH_USER_PATHS = NO;
				ASSETCATALOG_COMPILER_GENERATE_SWIFT_ASSET_SYMBOL_EXTENSIONS = YES;
				CLANG_ANALYZER_NONNULL = YES;
				CLANG_ANALYZER_NUMBER_OBJECT_CONVERSION = YES_AGGRESSIVE;
				CLANG_CXX_LANGUAGE_STANDARD = "gnu++20";
				CLANG_ENABLE_MODULES = YES;
				CLANG_ENABLE_OBJC_ARC = YES;
				CLANG_ENABLE_OBJC_WEAK = YES;
				CLANG_WARN_BLOCK_CAPTURE_AUTORELEASING = YES;
				CLANG_WARN_BOOL_CONVERSION = YES;
				CLANG_WARN_COMMA = YES;
				CLANG_WARN_CONSTANT_CONVERSION = YES;
				CLANG_WARN_DEPRECATED_OBJC_IMPLEMENTATIONS = YES;
				CLANG_WARN_DIRECT_OBJC_ISA_USAGE = YES_ERROR;
				CLANG_WARN_DOCUMENTATION_COMMENTS = YES;
				CLANG_WARN_EMPTY_BODY = YES;
				CLANG_WARN_ENUM_CONVERSION = YES;
				CLANG_WARN_INFINITE_RECURSION = YES;
				CLANG_WARN_INT_CONVERSION = YES;
				CLANG_WARN_NON_LITERAL_NULL_CONVERSION = YES;
				CLANG_WARN_OBJC_IMPLICIT_RETAIN_SELF = YES;
				CLANG_WARN_OBJC_LITERAL_CONVERSION = YES;
				CLANG_WARN_OBJC_ROOT_CLASS = YES_ERROR;
				CLANG_WARN_QUOTED_INCLUDE_IN_FRAMEWORK_HEADER = YES;
				CLANG_WARN_RANGE_LOOP_ANALYSIS = YES;
				CLANG_WARN_STRICT_PROTOTYPES = YES;
				CLANG_WARN_SUSPICIOUS_MOVE = YES;
				CLANG_WARN_UNGUARDED_AVAILABILITY = YES_AGGRESSIVE;
				CLANG_WARN_UNREACHABLE_CODE = YES;
				CLANG_WARN__DUPLICATE_METHOD_MATCH = YES;
				COPY_PHASE_STRIP = NO;
				DEBUG_INFORMATION_FORMAT = "dwarf-with-dsym";
				ENABLE_NS_ASSERTIONS = NO;
				ENABLE_STRICT_OBJC_MSGSEND = YES;
				ENABLE_USER_SCRIPT_SANDBOXING = YES;
				GCC_C_LANGUAGE_STANDARD = gnu17;
				GCC_NO_COMMON_BLOCKS = YES;
				GCC_WARN_64_TO_32_BIT_CONVERSION = YES;
				GCC_WARN_ABOUT_RETURN_TYPE = YES_ERROR;
				GCC_WARN_UNDECLARED_SELECTOR = YES;
				GCC_WARN_UNINITIALIZED_AUTOS = YES_AGGRESSIVE;
				GCC_WARN_UNUSED_FUNCTION = YES;
				GCC_WARN_UNUSED_VARIABLE = YES;
				IPHONEOS_DEPLOYMENT_TARGET = 17.0;
				LOCALIZATION_PREFERS_STRING_CATALOGS = YES;
				MTL_ENABLE_DEBUG_INFO = NO;
				MTL_FAST_MATH = YES;
				SDKROOT = iphoneos;
				SWIFT_COMPILATION_MODE = wholemodule;
				VALIDATE_PRODUCT = YES;
			};
			name = Release;
		};
		8CD1AF262B08D48700C60543 /* Debug */ = {
			isa = XCBuildConfiguration;
			buildSettings = {
				ASSETCATALOG_COMPILER_APPICON_NAME = AppIcon;
				ASSETCATALOG_COMPILER_GLOBAL_ACCENT_COLOR_NAME = AccentColor;
				CODE_SIGN_STYLE = Automatic;
				CURRENT_PROJECT_VERSION = 1;
				DEVELOPMENT_ASSET_PATHS = "\"OnlineShop/Preview Content\"";
				DEVELOPMENT_TEAM = KSK8F4DJP4;
				ENABLE_PREVIEWS = YES;
				GENERATE_INFOPLIST_FILE = YES;
				INFOPLIST_KEY_UIApplicationSceneManifest_Generation = YES;
				INFOPLIST_KEY_UIApplicationSupportsIndirectInputEvents = YES;
				INFOPLIST_KEY_UILaunchScreen_Generation = YES;
				INFOPLIST_KEY_UISupportedInterfaceOrientations_iPad = "UIInterfaceOrientationPortrait UIInterfaceOrientationPortraitUpsideDown UIInterfaceOrientationLandscapeLeft UIInterfaceOrientationLandscapeRight";
				INFOPLIST_KEY_UISupportedInterfaceOrientations_iPhone = "UIInterfaceOrientationPortrait UIInterfaceOrientationLandscapeLeft UIInterfaceOrientationLandscapeRight";
				LD_RUNPATH_SEARCH_PATHS = (
					"$(inherited)",
					"@executable_path/Frameworks",
				);
				MARKETING_VERSION = 1.0;
				PRODUCT_BUNDLE_IDENTIFIER = Stratos.OnlineShop;
				PRODUCT_NAME = "$(TARGET_NAME)";
				SWIFT_EMIT_LOC_STRINGS = YES;
				SWIFT_VERSION = 5.0;
				TARGETED_DEVICE_FAMILY = "1,2";
			};
			name = Debug;
		};
		8CD1AF272B08D48700C60543 /* Release */ = {
			isa = XCBuildConfiguration;
			buildSettings = {
				ASSETCATALOG_COMPILER_APPICON_NAME = AppIcon;
				ASSETCATALOG_COMPILER_GLOBAL_ACCENT_COLOR_NAME = AccentColor;
				CODE_SIGN_STYLE = Automatic;
				CURRENT_PROJECT_VERSION = 1;
				DEVELOPMENT_ASSET_PATHS = "\"OnlineShop/Preview Content\"";
				DEVELOPMENT_TEAM = KSK8F4DJP4;
				ENABLE_PREVIEWS = YES;
				GENERATE_INFOPLIST_FILE = YES;
				INFOPLIST_KEY_UIApplicationSceneManifest_Generation = YES;
				INFOPLIST_KEY_UIApplicationSupportsIndirectInputEvents = YES;
				INFOPLIST_KEY_UILaunchScreen_Generation = YES;
				INFOPLIST_KEY_UISupportedInterfaceOrientations_iPad = "UIInterfaceOrientationPortrait UIInterfaceOrientationPortraitUpsideDown UIInterfaceOrientationLandscapeLeft UIInterfaceOrientationLandscapeRight";
				INFOPLIST_KEY_UISupportedInterfaceOrientations_iPhone = "UIInterfaceOrientationPortrait UIInterfaceOrientationLandscapeLeft UIInterfaceOrientationLandscapeRight";
				LD_RUNPATH_SEARCH_PATHS = (
					"$(inherited)",
					"@executable_path/Frameworks",
				);
				MARKETING_VERSION = 1.0;
				PRODUCT_BUNDLE_IDENTIFIER = Stratos.OnlineShop;
				PRODUCT_NAME = "$(TARGET_NAME)";
				SWIFT_EMIT_LOC_STRINGS = YES;
				SWIFT_VERSION = 5.0;
				TARGETED_DEVICE_FAMILY = "1,2";
			};
			name = Release;
		};
		8CD1AF292B08D48700C60543 /* Debug */ = {
			isa = XCBuildConfiguration;
			buildSettings = {
				ALWAYS_EMBED_SWIFT_STANDARD_LIBRARIES = YES;
				BUNDLE_LOADER = "$(TEST_HOST)";
				CODE_SIGN_STYLE = Automatic;
				CURRENT_PROJECT_VERSION = 1;
				DEVELOPMENT_TEAM = KSK8F4DJP4;
				GENERATE_INFOPLIST_FILE = YES;
				IPHONEOS_DEPLOYMENT_TARGET = 17.0;
				MARKETING_VERSION = 1.0;
				PRODUCT_BUNDLE_IDENTIFIER = Stratos.OnlineShopTests;
				PRODUCT_NAME = "$(TARGET_NAME)";
				SWIFT_EMIT_LOC_STRINGS = NO;
				SWIFT_VERSION = 5.0;
				TARGETED_DEVICE_FAMILY = "1,2";
				TEST_HOST = "$(BUILT_PRODUCTS_DIR)/OnlineShop.app/$(BUNDLE_EXECUTABLE_FOLDER_PATH)/OnlineShop";
			};
			name = Debug;
		};
		8CD1AF2A2B08D48700C60543 /* Release */ = {
			isa = XCBuildConfiguration;
			buildSettings = {
				ALWAYS_EMBED_SWIFT_STANDARD_LIBRARIES = YES;
				BUNDLE_LOADER = "$(TEST_HOST)";
				CODE_SIGN_STYLE = Automatic;
				CURRENT_PROJECT_VERSION = 1;
				DEVELOPMENT_TEAM = KSK8F4DJP4;
				GENERATE_INFOPLIST_FILE = YES;
				IPHONEOS_DEPLOYMENT_TARGET = 17.0;
				MARKETING_VERSION = 1.0;
				PRODUCT_BUNDLE_IDENTIFIER = Stratos.OnlineShopTests;
				PRODUCT_NAME = "$(TARGET_NAME)";
				SWIFT_EMIT_LOC_STRINGS = NO;
				SWIFT_VERSION = 5.0;
				TARGETED_DEVICE_FAMILY = "1,2";
				TEST_HOST = "$(BUILT_PRODUCTS_DIR)/OnlineShop.app/$(BUNDLE_EXECUTABLE_FOLDER_PATH)/OnlineShop";
			};
			name = Release;
		};
		8CD1AF2C2B08D48700C60543 /* Debug */ = {
			isa = XCBuildConfiguration;
			buildSettings = {
				ALWAYS_EMBED_SWIFT_STANDARD_LIBRARIES = YES;
				CODE_SIGN_STYLE = Automatic;
				CURRENT_PROJECT_VERSION = 1;
				DEVELOPMENT_TEAM = KSK8F4DJP4;
				GENERATE_INFOPLIST_FILE = YES;
				MARKETING_VERSION = 1.0;
				PRODUCT_BUNDLE_IDENTIFIER = Stratos.OnlineShopUITests;
				PRODUCT_NAME = "$(TARGET_NAME)";
				SWIFT_EMIT_LOC_STRINGS = NO;
				SWIFT_VERSION = 5.0;
				TARGETED_DEVICE_FAMILY = "1,2";
				TEST_TARGET_NAME = OnlineShop;
			};
			name = Debug;
		};
		8CD1AF2D2B08D48700C60543 /* Release */ = {
			isa = XCBuildConfiguration;
			buildSettings = {
				ALWAYS_EMBED_SWIFT_STANDARD_LIBRARIES = YES;
				CODE_SIGN_STYLE = Automatic;
				CURRENT_PROJECT_VERSION = 1;
				DEVELOPMENT_TEAM = KSK8F4DJP4;
				GENERATE_INFOPLIST_FILE = YES;
				MARKETING_VERSION = 1.0;
				PRODUCT_BUNDLE_IDENTIFIER = Stratos.OnlineShopUITests;
				PRODUCT_NAME = "$(TARGET_NAME)";
				SWIFT_EMIT_LOC_STRINGS = NO;
				SWIFT_VERSION = 5.0;
				TARGETED_DEVICE_FAMILY = "1,2";
				TEST_TARGET_NAME = OnlineShop;
			};
			name = Release;
		};
/* End XCBuildConfiguration section */

/* Begin XCConfigurationList section */
		8CD1AEFC2B08D48600C60543 /* Build configuration list for PBXProject "OnlineShop" */ = {
			isa = XCConfigurationList;
			buildConfigurations = (
				8CD1AF232B08D48700C60543 /* Debug */,
				8CD1AF242B08D48700C60543 /* Release */,
			);
			defaultConfigurationIsVisible = 0;
			defaultConfigurationName = Release;
		};
		8CD1AF252B08D48700C60543 /* Build configuration list for PBXNativeTarget "OnlineShop" */ = {
			isa = XCConfigurationList;
			buildConfigurations = (
				8CD1AF262B08D48700C60543 /* Debug */,
				8CD1AF272B08D48700C60543 /* Release */,
			);
			defaultConfigurationIsVisible = 0;
			defaultConfigurationName = Release;
		};
		8CD1AF282B08D48700C60543 /* Build configuration list for PBXNativeTarget "OnlineShopTests" */ = {
			isa = XCConfigurationList;
			buildConfigurations = (
				8CD1AF292B08D48700C60543 /* Debug */,
				8CD1AF2A2B08D48700C60543 /* Release */,
			);
			defaultConfigurationIsVisible = 0;
			defaultConfigurationName = Release;
		};
		8CD1AF2B2B08D48700C60543 /* Build configuration list for PBXNativeTarget "OnlineShopUITests" */ = {
			isa = XCConfigurationList;
			buildConfigurations = (
				8CD1AF2C2B08D48700C60543 /* Debug */,
				8CD1AF2D2B08D48700C60543 /* Release */,
			);
			defaultConfigurationIsVisible = 0;
			defaultConfigurationName = Release;
		};
/* End XCConfigurationList section */
	};
	rootObject = 8CD1AEF92B08D48600C60543 /* Project object */;
}
